
Microsoft Visual Studio Solution File, Format Version 11.00
# Visual Studio 2010
Project("{8BC9CEB8-8B4A-11D0-8D11-00A0C91BC942}") = "SnakeBed", "SnakeBed.vcxproj", "{8F00D237-4358-4A21-940B-9B14D477E65C}"
EndProject
Project("{8BC9CEB8-8B4A-11D0-8D11-00A0C91BC942}") = "SbTests", "SbTests.vcxproj", "{66A18750-1476-482B-8267-87AEEBC3FEB7}"
EndProject
Project("{8BC9CEB8-8B4A-11D0-8D11-00A0C91BC942}") = "SbApp", "SbApp.vcxproj", "{BBE79F2E-5D96-4659-B7FE-D04623233C1C}"
EndProject
Global
	GlobalSection(SolutionConfigurationPlatforms) = preSolution
		Debug|Win32 = Debug|Win32
		Release|Win32 = Release|Win32
	EndGlobalSection
	GlobalSection(ProjectConfigurationPlatforms) = postSolution
		{8F00D237-4358-4A21-940B-9B14D477E65C}.Debug|Win32.ActiveCfg = Debug|Win32
		{8F00D237-4358-4A21-940B-9B14D477E65C}.Debug|Win32.Build.0 = Debug|Win32
		{8F00D237-4358-4A21-940B-9B14D477E65C}.Release|Win32.ActiveCfg = Release|Win32
		{8F00D237-4358-4A21-940B-9B14D477E65C}.Release|Win32.Build.0 = Release|Win32
		{66A18750-1476-482B-8267-87AEEBC3FEB7}.Debug|Win32.ActiveCfg = Debug|Win32
		{66A18750-1476-482B-8267-87AEEBC3FEB7}.Release|Win32.ActiveCfg = Release|Win32
		{BBE79F2E-5D96-4659-B7FE-D04623233C1C}.Debug|Win32.ActiveCfg = Debug|Win32
		{BBE79F2E-5D96-4659-B7FE-D04623233C1C}.Debug|Win32.Build.0 = Debug|Win32
		{BBE79F2E-5D96-4659-B7FE-D04623233C1C}.Release|Win32.ActiveCfg = Release|Win32
		{BBE79F2E-5D96-4659-B7FE-D04623233C1C}.Release|Win32.Build.0 = Release|Win32
	EndGlobalSection
	GlobalSection(SolutionProperties) = preSolution
		HideSolutionNode = FALSE
	EndGlobalSection
EndGlobal
